
Microsoft Visual Studio Solution File, Format Version 12.00
# Visual Studio Version 17
VisualStudioVersion = 17.10.35122.118
MinimumVisualStudioVersion = 10.0.40219.1
Project("{FAE04EC0-301F-11D3-BF4B-00C04F79EFBC}") = "PraticaDPFactoryMethod", "PraticaDPFactoryMethod\PraticaDPFactoryMethod.csproj", "{D11C7503-B009-4D0E-B1EC-0EC3BA4C1AE6}"
EndProject
Global
	GlobalSection(SolutionConfigurationPlatforms) = preSolution
		Debug|Any CPU = Debug|Any CPU
		Release|Any CPU = Release|Any CPU
	EndGlobalSection
	GlobalSection(ProjectConfigurationPlatforms) = postSolution
		{D11C7503-B009-4D0E-B1EC-0EC3BA4C1AE6}.Debug|Any CPU.ActiveCfg = Debug|Any CPU
		{D11C7503-B009-4D0E-B1EC-0EC3BA4C1AE6}.Debug|Any CPU.Build.0 = Debug|Any CPU
		{D11C7503-B009-4D0E-B1EC-0EC3BA4C1AE6}.Release|Any CPU.ActiveCfg = Release|Any CPU
		{D11C7503-B009-4D0E-B1EC-0EC3BA4C1AE6}.Release|Any CPU.Build.0 = Release|Any CPU
	EndGlobalSection
	GlobalSection(SolutionProperties) = preSolution
		HideSolutionNode = FALSE
	EndGlobalSection
	GlobalSection(ExtensibilityGlobals) = postSolution
		SolutionGuid = {2A4743CB-A62B-4863-A6C4-340DF80DC188}
	EndGlobalSection
EndGlobal
